
Microsoft Visual Studio Solution File, Format Version 12.00
# Visual Studio 2012
Project("{FAE04EC0-301F-11D3-BF4B-00C04F79EFBC}") = "MarkupCalculator", "MarkupCalculator\MarkupCalculator.csproj", "{10A23599-F375-491D-B456-91D5A39F539D}"
EndProject
Global
	GlobalSection(SolutionConfigurationPlatforms) = preSolution
		Debug|Any CPU = Debug|Any CPU
		Release|Any CPU = Release|Any CPU
	EndGlobalSection
	GlobalSection(ProjectConfigurationPlatforms) = postSolution
		{10A23599-F375-491D-B456-91D5A39F539D}.Debug|Any CPU.ActiveCfg = Debug|Any CPU
		{10A23599-F375-491D-B456-91D5A39F539D}.Debug|Any CPU.Build.0 = Debug|Any CPU
		{10A23599-F375-491D-B456-91D5A39F539D}.Release|Any CPU.ActiveCfg = Release|Any CPU
		{10A23599-F375-491D-B456-91D5A39F539D}.Release|Any CPU.Build.0 = Release|Any CPU
	EndGlobalSection
	GlobalSection(SolutionProperties) = preSolution
		HideSolutionNode = FALSE
	EndGlobalSection
EndGlobal
